
Microsoft Visual Studio Solution File, Format Version 12.00
# Visual Studio Version 17
VisualStudioVersion = 17.14.36401.2
MinimumVisualStudioVersion = 10.0.40219.1
Project("{2150E333-8FDC-42A3-9474-1A3956D46DE8}") = "Core", "Core", "{C8D5274F-AC00-46C7-1F8D-E88E81087A52}"
EndProject
Project("{2150E333-8FDC-42A3-9474-1A3956D46DE8}") = "HotReload", "HotReload", "{832B3C55-1F07-4025-8FF9-92515C68881C}"
EndProject
Project("{FAE04EC0-301F-11D3-BF4B-00C04F79EFBC}") = "HotReload", "src\Core\HotReload\HotReload\HotReload.csproj", "{9109104A-792A-4363-A4B9-B1B0158BD0AE}"
EndProject
Project("{FAE04EC0-301F-11D3-BF4B-00C04F79EFBC}") = "HotReload.WPF", "src\Core\HotReload\HotReload.WPF\HotReload.WPF.csproj", "{CB731825-EB60-466B-B160-310EE946C52E}"
EndProject
Project("{FAE04EC0-301F-11D3-BF4B-00C04F79EFBC}") = "HotReload.MAUI", "src\Core\HotReload\HotReload.MAUI\HotReload.MAUI.csproj", "{CFC4F8B5-A5E3-42F7-8C42-6AB5D20744EB}"
EndProject
Project("{2150E333-8FDC-42A3-9474-1A3956D46DE8}") = "SkiaSharp", "SkiaSharp", "{CA92C352-5B9F-413F-9843-9A63216A0349}"
EndProject
Project("{FAE04EC0-301F-11D3-BF4B-00C04F79EFBC}") = "SkiaSharp.WPF", "src\Core\SkiaSharp\SkiaSharp.WPF\SkiaSharp.WPF.csproj", "{440058A9-06E5-4462-82A9-B9E8E31FA052}"
EndProject
Project("{FAE04EC0-301F-11D3-BF4B-00C04F79EFBC}") = "SkiaSharp.MAUI", "src\Core\SkiaSharp\SkiaSharp.MAUI\SkiaSharp.MAUI.csproj", "{FDEC578B-55DB-4517-AA58-BA3A8FA2F254}"
EndProject
Project("{FAE04EC0-301F-11D3-BF4B-00C04F79EFBC}") = "SkiaCode", "src\SkiaCode\SkiaCode.csproj", "{93E38FBA-45FC-4D43-9C26-6DC2F3C60A0E}"
EndProject
Project("{FAE04EC0-301F-11D3-BF4B-00C04F79EFBC}") = "MauiApp1", "src\MauiApp1\MauiApp1.csproj", "{A415FF1B-D362-4764-B8A0-6055562EA8B5}"
EndProject
Project("{FAE04EC0-301F-11D3-BF4B-00C04F79EFBC}") = "WpfApp1", "src\WpfApp1\WpfApp1.csproj", "{CC6B8F30-D555-4BBF-B64E-C4DEF76D2B51}"
EndProject
Global
	GlobalSection(SolutionConfigurationPlatforms) = preSolution
		Debug|Any CPU = Debug|Any CPU
		Release|Any CPU = Release|Any CPU
	EndGlobalSection
	GlobalSection(ProjectConfigurationPlatforms) = postSolution
		{9109104A-792A-4363-A4B9-B1B0158BD0AE}.Debug|Any CPU.ActiveCfg = Debug|Any CPU
		{9109104A-792A-4363-A4B9-B1B0158BD0AE}.Debug|Any CPU.Build.0 = Debug|Any CPU
		{9109104A-792A-4363-A4B9-B1B0158BD0AE}.Release|Any CPU.ActiveCfg = Release|Any CPU
		{9109104A-792A-4363-A4B9-B1B0158BD0AE}.Release|Any CPU.Build.0 = Release|Any CPU
		{CB731825-EB60-466B-B160-310EE946C52E}.Debug|Any CPU.ActiveCfg = Debug|Any CPU
		{CB731825-EB60-466B-B160-310EE946C52E}.Debug|Any CPU.Build.0 = Debug|Any CPU
		{CB731825-EB60-466B-B160-310EE946C52E}.Release|Any CPU.ActiveCfg = Release|Any CPU
		{CB731825-EB60-466B-B160-310EE946C52E}.Release|Any CPU.Build.0 = Release|Any CPU
		{CC6B8F30-D555-4BBF-B64E-C4DEF76D2B51}.Debug|Any CPU.ActiveCfg = Debug|Any CPU
		{CC6B8F30-D555-4BBF-B64E-C4DEF76D2B51}.Debug|Any CPU.Build.0 = Debug|Any CPU
		{CC6B8F30-D555-4BBF-B64E-C4DEF76D2B51}.Release|Any CPU.ActiveCfg = Release|Any CPU
		{CC6B8F30-D555-4BBF-B64E-C4DEF76D2B51}.Release|Any CPU.Build.0 = Release|Any CPU
		{440058A9-06E5-4462-82A9-B9E8E31FA052}.Debug|Any CPU.ActiveCfg = Debug|Any CPU
		{440058A9-06E5-4462-82A9-B9E8E31FA052}.Debug|Any CPU.Build.0 = Debug|Any CPU
		{440058A9-06E5-4462-82A9-B9E8E31FA052}.Release|Any CPU.ActiveCfg = Release|Any CPU
		{440058A9-06E5-4462-82A9-B9E8E31FA052}.Release|Any CPU.Build.0 = Release|Any CPU
		{CFC4F8B5-A5E3-42F7-8C42-6AB5D20744EB}.Debug|Any CPU.ActiveCfg = Debug|Any CPU
		{CFC4F8B5-A5E3-42F7-8C42-6AB5D20744EB}.Debug|Any CPU.Build.0 = Debug|Any CPU
		{CFC4F8B5-A5E3-42F7-8C42-6AB5D20744EB}.Release|Any CPU.ActiveCfg = Release|Any CPU
		{CFC4F8B5-A5E3-42F7-8C42-6AB5D20744EB}.Release|Any CPU.Build.0 = Release|Any CPU
		{FDEC578B-55DB-4517-AA58-BA3A8FA2F254}.Debug|Any CPU.ActiveCfg = Debug|Any CPU
		{FDEC578B-55DB-4517-AA58-BA3A8FA2F254}.Debug|Any CPU.Build.0 = Debug|Any CPU
		{FDEC578B-55DB-4517-AA58-BA3A8FA2F254}.Release|Any CPU.ActiveCfg = Release|Any CPU
		{FDEC578B-55DB-4517-AA58-BA3A8FA2F254}.Release|Any CPU.Build.0 = Release|Any CPU
		{93E38FBA-45FC-4D43-9C26-6DC2F3C60A0E}.Debug|Any CPU.ActiveCfg = Debug|Any CPU
		{93E38FBA-45FC-4D43-9C26-6DC2F3C60A0E}.Debug|Any CPU.Build.0 = Debug|Any CPU
		{93E38FBA-45FC-4D43-9C26-6DC2F3C60A0E}.Release|Any CPU.ActiveCfg = Release|Any CPU
		{93E38FBA-45FC-4D43-9C26-6DC2F3C60A0E}.Release|Any CPU.Build.0 = Release|Any CPU
		{A415FF1B-D362-4764-B8A0-6055562EA8B5}.Debug|Any CPU.ActiveCfg = Debug|Any CPU
		{A415FF1B-D362-4764-B8A0-6055562EA8B5}.Debug|Any CPU.Build.0 = Debug|Any CPU
		{A415FF1B-D362-4764-B8A0-6055562EA8B5}.Release|Any CPU.ActiveCfg = Release|Any CPU
		{A415FF1B-D362-4764-B8A0-6055562EA8B5}.Release|Any CPU.Build.0 = Release|Any CPU
	EndGlobalSection
	GlobalSection(SolutionProperties) = preSolution
		HideSolutionNode = FALSE
	EndGlobalSection
	GlobalSection(NestedProjects) = preSolution
		{9109104A-792A-4363-A4B9-B1B0158BD0AE} = {832B3C55-1F07-4025-8FF9-92515C68881C}
		{CB731825-EB60-466B-B160-310EE946C52E} = {832B3C55-1F07-4025-8FF9-92515C68881C}
		{440058A9-06E5-4462-82A9-B9E8E31FA052} = {CA92C352-5B9F-413F-9843-9A63216A0349}
		{832B3C55-1F07-4025-8FF9-92515C68881C} = {C8D5274F-AC00-46C7-1F8D-E88E81087A52}
		{CA92C352-5B9F-413F-9843-9A63216A0349} = {C8D5274F-AC00-46C7-1F8D-E88E81087A52}
		{CFC4F8B5-A5E3-42F7-8C42-6AB5D20744EB} = {832B3C55-1F07-4025-8FF9-92515C68881C}
		{FDEC578B-55DB-4517-AA58-BA3A8FA2F254} = {CA92C352-5B9F-413F-9843-9A63216A0349}
	EndGlobalSection
	GlobalSection(ExtensibilityGlobals) = postSolution
		SolutionGuid = {74A73A3C-4048-4DD3-8C29-71943157C007}
	EndGlobalSection
EndGlobal
